
Microsoft Visual Studio Solution File, Format Version 12.00
# Visual Studio Version 16
VisualStudioVersion = 16.0.30709.132
MinimumVisualStudioVersion = 10.0.40219.1
Project("{9A19103F-16F7-4668-BE54-9A1E7A4F7556}") = "Hf.Core.EfCore", "Hf.Core.EfCore\Hf.Core.EfCore.csproj", "{2A3AAD2E-DDAC-48D8-82A5-1C657AA699F3}"
EndProject
Project("{9A19103F-16F7-4668-BE54-9A1E7A4F7556}") = "DataTransit.Model", "DataTransit.Model\DataTransit.Model.csproj", "{52727854-9DE1-420B-AAED-13189F1363F4}"
EndProject
Project("{9A19103F-16F7-4668-BE54-9A1E7A4F7556}") = "DataTransit.Services", "DataTransit.Services\DataTransit.Services.csproj", "{6C9899E8-8F5D-45F1-AEE6-6FD0BBB2EB67}"
EndProject
Project("{9A19103F-16F7-4668-BE54-9A1E7A4F7556}") = "DataTransit.Infrastructure", "DataTransit.Infrastructure\DataTransit.Infrastructure.csproj", "{4D591202-DCE9-45F0-B15B-399EFE1A6139}"
EndProject
Project("{FAE04EC0-301F-11D3-BF4B-00C04F79EFBC}") = "DataTransit.WebApp", "DataTransit.WebApp\DataTransit.WebApp.csproj", "{FE188130-6FB3-4870-89EC-FD73B29E1633}"
EndProject
Global
	GlobalSection(SolutionConfigurationPlatforms) = preSolution
		Debug|Any CPU = Debug|Any CPU
		Release|Any CPU = Release|Any CPU
	EndGlobalSection
	GlobalSection(ProjectConfigurationPlatforms) = postSolution
		{2A3AAD2E-DDAC-48D8-82A5-1C657AA699F3}.Debug|Any CPU.ActiveCfg = Debug|Any CPU
		{2A3AAD2E-DDAC-48D8-82A5-1C657AA699F3}.Debug|Any CPU.Build.0 = Debug|Any CPU
		{2A3AAD2E-DDAC-48D8-82A5-1C657AA699F3}.Release|Any CPU.ActiveCfg = Release|Any CPU
		{2A3AAD2E-DDAC-48D8-82A5-1C657AA699F3}.Release|Any CPU.Build.0 = Release|Any CPU
		{52727854-9DE1-420B-AAED-13189F1363F4}.Debug|Any CPU.ActiveCfg = Debug|Any CPU
		{52727854-9DE1-420B-AAED-13189F1363F4}.Debug|Any CPU.Build.0 = Debug|Any CPU
		{52727854-9DE1-420B-AAED-13189F1363F4}.Release|Any CPU.ActiveCfg = Release|Any CPU
		{52727854-9DE1-420B-AAED-13189F1363F4}.Release|Any CPU.Build.0 = Release|Any CPU
		{6C9899E8-8F5D-45F1-AEE6-6FD0BBB2EB67}.Debug|Any CPU.ActiveCfg = Debug|Any CPU
		{6C9899E8-8F5D-45F1-AEE6-6FD0BBB2EB67}.Debug|Any CPU.Build.0 = Debug|Any CPU
		{6C9899E8-8F5D-45F1-AEE6-6FD0BBB2EB67}.Release|Any CPU.ActiveCfg = Release|Any CPU
		{6C9899E8-8F5D-45F1-AEE6-6FD0BBB2EB67}.Release|Any CPU.Build.0 = Release|Any CPU
		{4D591202-DCE9-45F0-B15B-399EFE1A6139}.Debug|Any CPU.ActiveCfg = Debug|Any CPU
		{4D591202-DCE9-45F0-B15B-399EFE1A6139}.Debug|Any CPU.Build.0 = Debug|Any CPU
		{4D591202-DCE9-45F0-B15B-399EFE1A6139}.Release|Any CPU.ActiveCfg = Release|Any CPU
		{4D591202-DCE9-45F0-B15B-399EFE1A6139}.Release|Any CPU.Build.0 = Release|Any CPU
		{FE188130-6FB3-4870-89EC-FD73B29E1633}.Debug|Any CPU.ActiveCfg = Debug|Any CPU
		{FE188130-6FB3-4870-89EC-FD73B29E1633}.Debug|Any CPU.Build.0 = Debug|Any CPU
		{FE188130-6FB3-4870-89EC-FD73B29E1633}.Release|Any CPU.ActiveCfg = Release|Any CPU
		{FE188130-6FB3-4870-89EC-FD73B29E1633}.Release|Any CPU.Build.0 = Release|Any CPU
	EndGlobalSection
	GlobalSection(SolutionProperties) = preSolution
		HideSolutionNode = FALSE
	EndGlobalSection
	GlobalSection(ExtensibilityGlobals) = postSolution
		SolutionGuid = {90786F5D-B4E2-479B-85D4-7E5037E69094}
	EndGlobalSection
EndGlobal
